
Microsoft Visual Studio Solution File, Format Version 12.00
# Visual Studio 15
Project("{FAE04EC0-301F-11D3-BF4B-00C04F79EFBC}") = "Assembly-CSharp", "Assembly-CSharp.csproj", "{098D18F9-2B08-3070-0B2D-E72455E36B78}"
EndProject
Project("{FAE04EC0-301F-11D3-BF4B-00C04F79EFBC}") = "Assembly-CSharp-Editor", "Assembly-CSharp-Editor.csproj", "{60FE7C01-B400-8A7C-497E-AE5A485D916A}"
EndProject
Global
	GlobalSection(SolutionConfigurationPlatforms) = preSolution
		Debug|Any CPU = Debug|Any CPU
		Release|Any CPU = Release|Any CPU
	EndGlobalSection
	GlobalSection(ProjectConfigurationPlatforms) = postSolution
		{098D18F9-2B08-3070-0B2D-E72455E36B78}.Debug|Any CPU.ActiveCfg = Debug|Any CPU
		{098D18F9-2B08-3070-0B2D-E72455E36B78}.Debug|Any CPU.Build.0 = Debug|Any CPU
		{098D18F9-2B08-3070-0B2D-E72455E36B78}.Release|Any CPU.ActiveCfg = Release|Any CPU
		{098D18F9-2B08-3070-0B2D-E72455E36B78}.Release|Any CPU.Build.0 = Release|Any CPU
		{60FE7C01-B400-8A7C-497E-AE5A485D916A}.Debug|Any CPU.ActiveCfg = Debug|Any CPU
		{60FE7C01-B400-8A7C-497E-AE5A485D916A}.Debug|Any CPU.Build.0 = Debug|Any CPU
		{60FE7C01-B400-8A7C-497E-AE5A485D916A}.Release|Any CPU.ActiveCfg = Release|Any CPU
		{60FE7C01-B400-8A7C-497E-AE5A485D916A}.Release|Any CPU.Build.0 = Release|Any CPU
	EndGlobalSection
	GlobalSection(SolutionProperties) = preSolution
		HideSolutionNode = FALSE
	EndGlobalSection
EndGlobal
